
Microsoft Visual Studio Solution File, Format Version 12.00
# Visual Studio Express 2012 for Windows Desktop
Project("{8BC9CEB8-8B4A-11D0-8D11-00A0C91BC942}") = "Project1", "Project1\Project1.vcxproj", "{D7347EEF-F208-4A21-A55A-BE2C428CF90F}"
EndProject
Project("{8BC9CEB8-8B4A-11D0-8D11-00A0C91BC942}") = "Point", "Project2\Project2.vcxproj", "{9E06AE4A-A299-493E-835C-851A04A370E6}"
EndProject
Project("{8BC9CEB8-8B4A-11D0-8D11-00A0C91BC942}") = "Rectangle", "Rectangle\Rectangle.vcxproj", "{C71904AE-1602-4369-BF4C-E8A936051E98}"
EndProject
Project("{8BC9CEB8-8B4A-11D0-8D11-00A0C91BC942}") = "rectangle_color", "rectangle_color\rectangle_color.vcxproj", "{BA286DE6-6DED-4269-8259-2A921AAED608}"
EndProject
Project("{8BC9CEB8-8B4A-11D0-8D11-00A0C91BC942}") = "Common", "Common\Common.vcxproj", "{A7D4CF82-6066-4295-9EAA-CD115D746946}"
EndProject
Project("{8BC9CEB8-8B4A-11D0-8D11-00A0C91BC942}") = "Texture", "Texture\Texture.vcxproj", "{4908A5C0-E7F0-4C07-AB3B-0C2C58C66573}"
EndProject
Project("{8BC9CEB8-8B4A-11D0-8D11-00A0C91BC942}") = "Texture2", "Texture2\Texture2.vcxproj", "{F24094F6-778F-496B-A500-5DF17C49CC08}"
EndProject
Project("{8BC9CEB8-8B4A-11D0-8D11-00A0C91BC942}") = "image_texture", "image_texture\image_texture.vcxproj", "{BB2E5D00-3185-496F-8F4E-6D0D6125FD65}"
EndProject
Project("{8BC9CEB8-8B4A-11D0-8D11-00A0C91BC942}") = "glm", "glm\glm.vcxproj", "{84B2A54F-8286-4E5B-A095-9C9BAD74E2CD}"
EndProject
Project("{8BC9CEB8-8B4A-11D0-8D11-00A0C91BC942}") = "ImageRotate", "ImageRotate\ImageRotate.vcxproj", "{297A8893-BE6F-4A8C-8E59-905F28F66704}"
EndProject
Project("{8BC9CEB8-8B4A-11D0-8D11-00A0C91BC942}") = "MVP", "MVP\MVP.vcxproj", "{A751F57B-66AA-4569-9644-13E6651DC7DE}"
EndProject
Project("{8BC9CEB8-8B4A-11D0-8D11-00A0C91BC942}") = "MVPEffect", "MVPEffect\MVPEffect.vcxproj", "{8BEB1330-43F6-4244-9678-152269888BDC}"
EndProject
Project("{8BC9CEB8-8B4A-11D0-8D11-00A0C91BC942}") = "MVPEffectRect", "MVPEffectRect\MVPEffectRect.vcxproj", "{9D04B4EC-D9E1-44BB-AC5F-FBE84FAB093E}"
EndProject
Global
	GlobalSection(SolutionConfigurationPlatforms) = preSolution
		Debug|Mixed Platforms = Debug|Mixed Platforms
		Debug|Win32 = Debug|Win32
		Debug|x64 = Debug|x64
		Release|Mixed Platforms = Release|Mixed Platforms
		Release|Win32 = Release|Win32
		Release|x64 = Release|x64
	EndGlobalSection
	GlobalSection(ProjectConfigurationPlatforms) = postSolution
		{D7347EEF-F208-4A21-A55A-BE2C428CF90F}.Debug|Mixed Platforms.ActiveCfg = Debug|Win32
		{D7347EEF-F208-4A21-A55A-BE2C428CF90F}.Debug|Mixed Platforms.Build.0 = Debug|Win32
		{D7347EEF-F208-4A21-A55A-BE2C428CF90F}.Debug|Win32.ActiveCfg = Debug|x64
		{D7347EEF-F208-4A21-A55A-BE2C428CF90F}.Debug|Win32.Build.0 = Debug|x64
		{D7347EEF-F208-4A21-A55A-BE2C428CF90F}.Debug|x64.ActiveCfg = Debug|x64
		{D7347EEF-F208-4A21-A55A-BE2C428CF90F}.Release|Mixed Platforms.ActiveCfg = Release|Win32
		{D7347EEF-F208-4A21-A55A-BE2C428CF90F}.Release|Mixed Platforms.Build.0 = Release|Win32
		{D7347EEF-F208-4A21-A55A-BE2C428CF90F}.Release|Win32.ActiveCfg = Release|Win32
		{D7347EEF-F208-4A21-A55A-BE2C428CF90F}.Release|Win32.Build.0 = Release|Win32
		{D7347EEF-F208-4A21-A55A-BE2C428CF90F}.Release|x64.ActiveCfg = Release|x64
		{D7347EEF-F208-4A21-A55A-BE2C428CF90F}.Release|x64.Build.0 = Release|x64
		{9E06AE4A-A299-493E-835C-851A04A370E6}.Debug|Mixed Platforms.ActiveCfg = Debug|Win32
		{9E06AE4A-A299-493E-835C-851A04A370E6}.Debug|Mixed Platforms.Build.0 = Debug|Win32
		{9E06AE4A-A299-493E-835C-851A04A370E6}.Debug|Win32.ActiveCfg = Debug|Win32
		{9E06AE4A-A299-493E-835C-851A04A370E6}.Debug|Win32.Build.0 = Debug|Win32
		{9E06AE4A-A299-493E-835C-851A04A370E6}.Debug|x64.ActiveCfg = Debug|x64
		{9E06AE4A-A299-493E-835C-851A04A370E6}.Release|Mixed Platforms.ActiveCfg = Release|Win32
		{9E06AE4A-A299-493E-835C-851A04A370E6}.Release|Mixed Platforms.Build.0 = Release|Win32
		{9E06AE4A-A299-493E-835C-851A04A370E6}.Release|Win32.ActiveCfg = Release|Win32
		{9E06AE4A-A299-493E-835C-851A04A370E6}.Release|Win32.Build.0 = Release|Win32
		{9E06AE4A-A299-493E-835C-851A04A370E6}.Release|x64.ActiveCfg = Release|Win32
		{C71904AE-1602-4369-BF4C-E8A936051E98}.Debug|Mixed Platforms.ActiveCfg = Debug|Win32
		{C71904AE-1602-4369-BF4C-E8A936051E98}.Debug|Mixed Platforms.Build.0 = Debug|Win32
		{C71904AE-1602-4369-BF4C-E8A936051E98}.Debug|Win32.ActiveCfg = Debug|Win32
		{C71904AE-1602-4369-BF4C-E8A936051E98}.Debug|Win32.Build.0 = Debug|Win32
		{C71904AE-1602-4369-BF4C-E8A936051E98}.Debug|x64.ActiveCfg = Debug|x64
		{C71904AE-1602-4369-BF4C-E8A936051E98}.Release|Mixed Platforms.ActiveCfg = Release|Win32
		{C71904AE-1602-4369-BF4C-E8A936051E98}.Release|Mixed Platforms.Build.0 = Release|Win32
		{C71904AE-1602-4369-BF4C-E8A936051E98}.Release|Win32.ActiveCfg = Release|Win32
		{C71904AE-1602-4369-BF4C-E8A936051E98}.Release|Win32.Build.0 = Release|Win32
		{C71904AE-1602-4369-BF4C-E8A936051E98}.Release|x64.ActiveCfg = Release|Win32
		{BA286DE6-6DED-4269-8259-2A921AAED608}.Debug|Mixed Platforms.ActiveCfg = Debug|Win32
		{BA286DE6-6DED-4269-8259-2A921AAED608}.Debug|Mixed Platforms.Build.0 = Debug|Win32
		{BA286DE6-6DED-4269-8259-2A921AAED608}.Debug|Win32.ActiveCfg = Debug|Win32
		{BA286DE6-6DED-4269-8259-2A921AAED608}.Debug|Win32.Build.0 = Debug|Win32
		{BA286DE6-6DED-4269-8259-2A921AAED608}.Debug|x64.ActiveCfg = Debug|x64
		{BA286DE6-6DED-4269-8259-2A921AAED608}.Release|Mixed Platforms.ActiveCfg = Release|Win32
		{BA286DE6-6DED-4269-8259-2A921AAED608}.Release|Mixed Platforms.Build.0 = Release|Win32
		{BA286DE6-6DED-4269-8259-2A921AAED608}.Release|Win32.ActiveCfg = Release|Win32
		{BA286DE6-6DED-4269-8259-2A921AAED608}.Release|Win32.Build.0 = Release|Win32
		{BA286DE6-6DED-4269-8259-2A921AAED608}.Release|x64.ActiveCfg = Release|Win32
		{A7D4CF82-6066-4295-9EAA-CD115D746946}.Debug|Mixed Platforms.ActiveCfg = Debug|Win32
		{A7D4CF82-6066-4295-9EAA-CD115D746946}.Debug|Mixed Platforms.Build.0 = Debug|Win32
		{A7D4CF82-6066-4295-9EAA-CD115D746946}.Debug|Win32.ActiveCfg = Debug|Win32
		{A7D4CF82-6066-4295-9EAA-CD115D746946}.Debug|Win32.Build.0 = Debug|Win32
		{A7D4CF82-6066-4295-9EAA-CD115D746946}.Debug|x64.ActiveCfg = Debug|Win32
		{A7D4CF82-6066-4295-9EAA-CD115D746946}.Release|Mixed Platforms.ActiveCfg = Release|Win32
		{A7D4CF82-6066-4295-9EAA-CD115D746946}.Release|Mixed Platforms.Build.0 = Release|Win32
		{A7D4CF82-6066-4295-9EAA-CD115D746946}.Release|Win32.ActiveCfg = Release|Win32
		{A7D4CF82-6066-4295-9EAA-CD115D746946}.Release|Win32.Build.0 = Release|Win32
		{A7D4CF82-6066-4295-9EAA-CD115D746946}.Release|x64.ActiveCfg = Release|Win32
		{4908A5C0-E7F0-4C07-AB3B-0C2C58C66573}.Debug|Mixed Platforms.ActiveCfg = Debug|Win32
		{4908A5C0-E7F0-4C07-AB3B-0C2C58C66573}.Debug|Mixed Platforms.Build.0 = Debug|Win32
		{4908A5C0-E7F0-4C07-AB3B-0C2C58C66573}.Debug|Win32.ActiveCfg = Debug|Win32
		{4908A5C0-E7F0-4C07-AB3B-0C2C58C66573}.Debug|Win32.Build.0 = Debug|Win32
		{4908A5C0-E7F0-4C07-AB3B-0C2C58C66573}.Debug|x64.ActiveCfg = Debug|x64
		{4908A5C0-E7F0-4C07-AB3B-0C2C58C66573}.Release|Mixed Platforms.ActiveCfg = Release|Win32
		{4908A5C0-E7F0-4C07-AB3B-0C2C58C66573}.Release|Mixed Platforms.Build.0 = Release|Win32
		{4908A5C0-E7F0-4C07-AB3B-0C2C58C66573}.Release|Win32.ActiveCfg = Release|Win32
		{4908A5C0-E7F0-4C07-AB3B-0C2C58C66573}.Release|Win32.Build.0 = Release|Win32
		{4908A5C0-E7F0-4C07-AB3B-0C2C58C66573}.Release|x64.ActiveCfg = Release|Win32
		{F24094F6-778F-496B-A500-5DF17C49CC08}.Debug|Mixed Platforms.ActiveCfg = Debug|Win32
		{F24094F6-778F-496B-A500-5DF17C49CC08}.Debug|Mixed Platforms.Build.0 = Debug|Win32
		{F24094F6-778F-496B-A500-5DF17C49CC08}.Debug|Win32.ActiveCfg = Debug|Win32
		{F24094F6-778F-496B-A500-5DF17C49CC08}.Debug|Win32.Build.0 = Debug|Win32
		{F24094F6-778F-496B-A500-5DF17C49CC08}.Debug|x64.ActiveCfg = Debug|x64
		{F24094F6-778F-496B-A500-5DF17C49CC08}.Release|Mixed Platforms.ActiveCfg = Release|Win32
		{F24094F6-778F-496B-A500-5DF17C49CC08}.Release|Mixed Platforms.Build.0 = Release|Win32
		{F24094F6-778F-496B-A500-5DF17C49CC08}.Release|Win32.ActiveCfg = Release|Win32
		{F24094F6-778F-496B-A500-5DF17C49CC08}.Release|Win32.Build.0 = Release|Win32
		{F24094F6-778F-496B-A500-5DF17C49CC08}.Release|x64.ActiveCfg = Release|Win32
		{BB2E5D00-3185-496F-8F4E-6D0D6125FD65}.Debug|Mixed Platforms.ActiveCfg = Debug|Win32
		{BB2E5D00-3185-496F-8F4E-6D0D6125FD65}.Debug|Mixed Platforms.Build.0 = Debug|Win32
		{BB2E5D00-3185-496F-8F4E-6D0D6125FD65}.Debug|Win32.ActiveCfg = Debug|Win32
		{BB2E5D00-3185-496F-8F4E-6D0D6125FD65}.Debug|Win32.Build.0 = Debug|Win32
		{BB2E5D00-3185-496F-8F4E-6D0D6125FD65}.Debug|x64.ActiveCfg = Debug|x64
		{BB2E5D00-3185-496F-8F4E-6D0D6125FD65}.Release|Mixed Platforms.ActiveCfg = Release|Win32
		{BB2E5D00-3185-496F-8F4E-6D0D6125FD65}.Release|Mixed Platforms.Build.0 = Release|Win32
		{BB2E5D00-3185-496F-8F4E-6D0D6125FD65}.Release|Win32.ActiveCfg = Release|Win32
		{BB2E5D00-3185-496F-8F4E-6D0D6125FD65}.Release|Win32.Build.0 = Release|Win32
		{BB2E5D00-3185-496F-8F4E-6D0D6125FD65}.Release|x64.ActiveCfg = Release|Win32
		{84B2A54F-8286-4E5B-A095-9C9BAD74E2CD}.Debug|Mixed Platforms.ActiveCfg = Debug|Win32
		{84B2A54F-8286-4E5B-A095-9C9BAD74E2CD}.Debug|Mixed Platforms.Build.0 = Debug|Win32
		{84B2A54F-8286-4E5B-A095-9C9BAD74E2CD}.Debug|Win32.ActiveCfg = Debug|Win32
		{84B2A54F-8286-4E5B-A095-9C9BAD74E2CD}.Debug|Win32.Build.0 = Debug|Win32
		{84B2A54F-8286-4E5B-A095-9C9BAD74E2CD}.Debug|x64.ActiveCfg = Debug|Win32
		{84B2A54F-8286-4E5B-A095-9C9BAD74E2CD}.Release|Mixed Platforms.ActiveCfg = Release|Win32
		{84B2A54F-8286-4E5B-A095-9C9BAD74E2CD}.Release|Mixed Platforms.Build.0 = Release|Win32
		{84B2A54F-8286-4E5B-A095-9C9BAD74E2CD}.Release|Win32.ActiveCfg = Release|Win32
		{84B2A54F-8286-4E5B-A095-9C9BAD74E2CD}.Release|Win32.Build.0 = Release|Win32
		{84B2A54F-8286-4E5B-A095-9C9BAD74E2CD}.Release|x64.ActiveCfg = Release|Win32
		{297A8893-BE6F-4A8C-8E59-905F28F66704}.Debug|Mixed Platforms.ActiveCfg = Debug|Win32
		{297A8893-BE6F-4A8C-8E59-905F28F66704}.Debug|Mixed Platforms.Build.0 = Debug|Win32
		{297A8893-BE6F-4A8C-8E59-905F28F66704}.Debug|Win32.ActiveCfg = Debug|Win32
		{297A8893-BE6F-4A8C-8E59-905F28F66704}.Debug|Win32.Build.0 = Debug|Win32
		{297A8893-BE6F-4A8C-8E59-905F28F66704}.Debug|x64.ActiveCfg = Debug|x64
		{297A8893-BE6F-4A8C-8E59-905F28F66704}.Release|Mixed Platforms.ActiveCfg = Release|Win32
		{297A8893-BE6F-4A8C-8E59-905F28F66704}.Release|Mixed Platforms.Build.0 = Release|Win32
		{297A8893-BE6F-4A8C-8E59-905F28F66704}.Release|Win32.ActiveCfg = Release|Win32
		{297A8893-BE6F-4A8C-8E59-905F28F66704}.Release|Win32.Build.0 = Release|Win32
		{297A8893-BE6F-4A8C-8E59-905F28F66704}.Release|x64.ActiveCfg = Release|Win32
		{A751F57B-66AA-4569-9644-13E6651DC7DE}.Debug|Mixed Platforms.ActiveCfg = Debug|Win32
		{A751F57B-66AA-4569-9644-13E6651DC7DE}.Debug|Mixed Platforms.Build.0 = Debug|Win32
		{A751F57B-66AA-4569-9644-13E6651DC7DE}.Debug|Win32.ActiveCfg = Debug|Win32
		{A751F57B-66AA-4569-9644-13E6651DC7DE}.Debug|Win32.Build.0 = Debug|Win32
		{A751F57B-66AA-4569-9644-13E6651DC7DE}.Debug|x64.ActiveCfg = Debug|x64
		{A751F57B-66AA-4569-9644-13E6651DC7DE}.Release|Mixed Platforms.ActiveCfg = Release|Win32
		{A751F57B-66AA-4569-9644-13E6651DC7DE}.Release|Mixed Platforms.Build.0 = Release|Win32
		{A751F57B-66AA-4569-9644-13E6651DC7DE}.Release|Win32.ActiveCfg = Release|Win32
		{A751F57B-66AA-4569-9644-13E6651DC7DE}.Release|Win32.Build.0 = Release|Win32
		{A751F57B-66AA-4569-9644-13E6651DC7DE}.Release|x64.ActiveCfg = Release|Win32
		{8BEB1330-43F6-4244-9678-152269888BDC}.Debug|Mixed Platforms.ActiveCfg = Debug|Win32
		{8BEB1330-43F6-4244-9678-152269888BDC}.Debug|Mixed Platforms.Build.0 = Debug|Win32
		{8BEB1330-43F6-4244-9678-152269888BDC}.Debug|Win32.ActiveCfg = Debug|Win32
		{8BEB1330-43F6-4244-9678-152269888BDC}.Debug|Win32.Build.0 = Debug|Win32
		{8BEB1330-43F6-4244-9678-152269888BDC}.Debug|x64.ActiveCfg = Debug|x64
		{8BEB1330-43F6-4244-9678-152269888BDC}.Release|Mixed Platforms.ActiveCfg = Release|Win32
		{8BEB1330-43F6-4244-9678-152269888BDC}.Release|Mixed Platforms.Build.0 = Release|Win32
		{8BEB1330-43F6-4244-9678-152269888BDC}.Release|Win32.ActiveCfg = Release|Win32
		{8BEB1330-43F6-4244-9678-152269888BDC}.Release|Win32.Build.0 = Release|Win32
		{8BEB1330-43F6-4244-9678-152269888BDC}.Release|x64.ActiveCfg = Release|Win32
		{9D04B4EC-D9E1-44BB-AC5F-FBE84FAB093E}.Debug|Mixed Platforms.ActiveCfg = Debug|Win32
		{9D04B4EC-D9E1-44BB-AC5F-FBE84FAB093E}.Debug|Mixed Platforms.Build.0 = Debug|Win32
		{9D04B4EC-D9E1-44BB-AC5F-FBE84FAB093E}.Debug|Win32.ActiveCfg = Debug|Win32
		{9D04B4EC-D9E1-44BB-AC5F-FBE84FAB093E}.Debug|Win32.Build.0 = Debug|Win32
		{9D04B4EC-D9E1-44BB-AC5F-FBE84FAB093E}.Debug|x64.ActiveCfg = Debug|x64
		{9D04B4EC-D9E1-44BB-AC5F-FBE84FAB093E}.Debug|x64.Build.0 = Debug|x64
		{9D04B4EC-D9E1-44BB-AC5F-FBE84FAB093E}.Release|Mixed Platforms.ActiveCfg = Release|Win32
		{9D04B4EC-D9E1-44BB-AC5F-FBE84FAB093E}.Release|Mixed Platforms.Build.0 = Release|Win32
		{9D04B4EC-D9E1-44BB-AC5F-FBE84FAB093E}.Release|Win32.ActiveCfg = Release|Win32
		{9D04B4EC-D9E1-44BB-AC5F-FBE84FAB093E}.Release|Win32.Build.0 = Release|Win32
		{9D04B4EC-D9E1-44BB-AC5F-FBE84FAB093E}.Release|x64.ActiveCfg = Release|Win32
	EndGlobalSection
	GlobalSection(SolutionProperties) = preSolution
		HideSolutionNode = FALSE
	EndGlobalSection
EndGlobal
